// !$*UTF8*$!
{
	archiveVersion = 1;
	classes = {
	};
	objectVersion = 46;
	objects = {

/* Begin PBXBuildFile section */
		7A508FD31E5FFF6200603672 /* Sharder.metal in Sources */ = {isa = PBXBuildFile; fileRef = 7A508FD21E5FFF6200603672 /* Sharder.metal */; };
		7A78E2081E5AC07900CC6E65 /* main.m in Sources */ = {isa = PBXBuildFile; fileRef = 7A78E2071E5AC07900CC6E65 /* main.m */; };
		7A78E20B1E5AC07900CC6E65 /* AppDelegate.m in Sources */ = {isa = PBXBuildFile; fileRef = 7A78E20A1E5AC07900CC6E65 /* AppDelegate.m */; };
		7A78E20E1E5AC07900CC6E65 /* ViewController.mm in Sources */ = {isa = PBXBuildFile; fileRef = 7A78E20D1E5AC07900CC6E65 /* ViewController.mm */; };
		7A78E2111E5AC07900CC6E65 /* Main.storyboard in Resources */ = {isa = PBXBuildFile; fileRef = 7A78E20F1E5AC07900CC6E65 /* Main.storyboard */; };
		7A78E2131E5AC07900CC6E65 /* Assets.xcassets in Resources */ = {isa = PBXBuildFile; fileRef = 7A78E2121E5AC07900CC6E65 /* Assets.xcassets */; };
		7A78E2161E5AC07900CC6E65 /* LaunchScreen.storyboard in Resources */ = {isa = PBXBuildFile; fileRef = 7A78E2141E5AC07900CC6E65 /* LaunchScreen.storyboard */; };
		7A78E2211E5AC07900CC6E65 /* MetaLearnTests.m in Sources */ = {isa = PBXBuildFile; fileRef = 7A78E2201E5AC07900CC6E65 /* MetaLearnTests.m */; };
		7A78E22C1E5AC07900CC6E65 /* MetaLearnUITests.m in Sources */ = {isa = PBXBuildFile; fileRef = 7A78E22B1E5AC07900CC6E65 /* MetaLearnUITests.m */; };
		7A78E23E1E5AC0DD00CC6E65 /* Render.mm in Sources */ = {isa = PBXBuildFile; fileRef = 7A78E23D1E5AC0DD00CC6E65 /* Render.mm */; };
		7A78E2421E5AC12F00CC6E65 /* CustomView.mm in Sources */ = {isa = PBXBuildFile; fileRef = 7A78E2411E5AC12F00CC6E65 /* CustomView.mm */; };
		7A78E2471E5AC25B00CC6E65 /* Metal.framework in Frameworks */ = {isa = PBXBuildFile; fileRef = 7A78E2461E5AC25B00CC6E65 /* Metal.framework */; };
		7A78E2491E5AC26500CC6E65 /* QuartzCore.framework in Frameworks */ = {isa = PBXBuildFile; fileRef = 7A78E2481E5AC26500CC6E65 /* QuartzCore.framework */; };
/* End PBXBuildFile section */

/* Begin PBXContainerItemProxy section */
		7A78E21D1E5AC07900CC6E65 /* PBXContainerItemProxy */ = {
			isa = PBXContainerItemProxy;
			containerPortal = 7A78E1FB1E5AC07900CC6E65 /* Project object */;
			proxyType = 1;
			remoteGlobalIDString = 7A78E2021E5AC07900CC6E65;
			remoteInfo = MetaLearn;
		};
		7A78E2281E5AC07900CC6E65 /* PBXContainerItemProxy */ = {
			isa = PBXContainerItemProxy;
			containerPortal = 7A78E1FB1E5AC07900CC6E65 /* Project object */;
			proxyType = 1;
			remoteGlobalIDString = 7A78E2021E5AC07900CC6E65;
			remoteInfo = MetaLearn;
		};
/* End PBXContainerItemProxy section */

/* Begin PBXFileReference section */
		7A508FD21E5FFF6200603672 /* Sharder.metal */ = {isa = PBXFileReference; fileEncoding = 4; lastKnownFileType = sourcecode.metal; path = Sharder.metal; sourceTree = "<group>"; };
		7A78E2031E5AC07900CC6E65 /* MetaLearn.app */ = {isa = PBXFileReference; explicitFileType = wrapper.application; includeInIndex = 0; path = MetaLearn.app; sourceTree = BUILT_PRODUCTS_DIR; };
		7A78E2071E5AC07900CC6E65 /* main.m */ = {isa = PBXFileReference; lastKnownFileType = sourcecode.c.objc; path = main.m; sourceTree = "<group>"; };
		7A78E2091E5AC07900CC6E65 /* AppDelegate.h */ = {isa = PBXFileReference; lastKnownFileType = sourcecode.c.h; path = AppDelegate.h; sourceTree = "<group>"; };
		7A78E20A1E5AC07900CC6E65 /* AppDelegate.m */ = {isa = PBXFileReference; lastKnownFileType = sourcecode.c.objc; path = AppDelegate.m; sourceTree = "<group>"; };
		7A78E20C1E5AC07900CC6E65 /* ViewController.h */ = {isa = PBXFileReference; lastKnownFileType = sourcecode.c.h; path = ViewController.h; sourceTree = "<group>"; };
		7A78E20D1E5AC07900CC6E65 /* ViewController.mm */ = {isa = PBXFileReference; lastKnownFileType = sourcecode.cpp.objcpp; path = ViewController.mm; sourceTree = "<group>"; };
		7A78E2101E5AC07900CC6E65 /* Base */ = {isa = PBXFileReference; lastKnownFileType = file.storyboard; name = Base; path = Base.lproj/Main.storyboard; sourceTree = "<group>"; };
		7A78E2121E5AC07900CC6E65 /* Assets.xcassets */ = {isa = PBXFileReference; lastKnownFileType = folder.assetcatalog; path = Assets.xcassets; sourceTree = "<group>"; };
		7A78E2151E5AC07900CC6E65 /* Base */ = {isa = PBXFileReference; lastKnownFileType = file.storyboard; name = Base; path = Base.lproj/LaunchScreen.storyboard; sourceTree = "<group>"; };
		7A78E2171E5AC07900CC6E65 /* Info.plist */ = {isa = PBXFileReference; lastKnownFileType = text.plist.xml; path = Info.plist; sourceTree = "<group>"; };
		7A78E21C1E5AC07900CC6E65 /* MetaLearnTests.xctest */ = {isa = PBXFileReference; explicitFileType = wrapper.cfbundle; includeInIndex = 0; path = MetaLearnTests.xctest; sourceTree = BUILT_PRODUCTS_DIR; };
		7A78E2201E5AC07900CC6E65 /* MetaLearnTests.m */ = {isa = PBXFileReference; lastKnownFileType = sourcecode.c.objc; path = MetaLearnTests.m; sourceTree = "<group>"; };
		7A78E2221E5AC07900CC6E65 /* Info.plist */ = {isa = PBXFileReference; lastKnownFileType = text.plist.xml; path = Info.plist; sourceTree = "<group>"; };
		7A78E2271E5AC07900CC6E65 /* MetaLearnUITests.xctest */ = {isa = PBXFileReference; explicitFileType = wrapper.cfbundle; includeInIndex = 0; path = MetaLearnUITests.xctest; sourceTree = BUILT_PRODUCTS_DIR; };
		7A78E22B1E5AC07900CC6E65 /* MetaLearnUITests.m */ = {isa = PBXFileReference; lastKnownFileType = sourcecode.c.objc; path = MetaLearnUITests.m; sourceTree = "<group>"; };
		7A78E22D1E5AC07900CC6E65 /* Info.plist */ = {isa = PBXFileReference; lastKnownFileType = text.plist.xml; path = Info.plist; sourceTree = "<group>"; };
		7A78E23C1E5AC0DD00CC6E65 /* Render.h */ = {isa = PBXFileReference; fileEncoding = 4; lastKnownFileType = sourcecode.c.h; path = Render.h; sourceTree = "<group>"; };
		7A78E23D1E5AC0DD00CC6E65 /* Render.mm */ = {isa = PBXFileReference; fileEncoding = 4; lastKnownFileType = sourcecode.cpp.objcpp; path = Render.mm; sourceTree = "<group>"; };
		7A78E23F1E5AC0F400CC6E65 /* AAPLType.h */ = {isa = PBXFileReference; lastKnownFileType = sourcecode.c.h; path = AAPLType.h; sourceTree = "<group>"; };
		7A78E2401E5AC12F00CC6E65 /* CustomView.h */ = {isa = PBXFileReference; fileEncoding = 4; lastKnownFileType = sourcecode.c.h; path = CustomView.h; sourceTree = "<group>"; };
		7A78E2411E5AC12F00CC6E65 /* CustomView.mm */ = {isa = PBXFileReference; fileEncoding = 4; lastKnownFileType = sourcecode.cpp.objcpp; path = CustomView.mm; sourceTree = "<group>"; };
		7A78E2461E5AC25B00CC6E65 /* Metal.framework */ = {isa = PBXFileReference; lastKnownFileType = wrapper.framework; name = Metal.framework; path = System/Library/Frameworks/Metal.framework; sourceTree = SDKROOT; };
		7A78E2481E5AC26500CC6E65 /* QuartzCore.framework */ = {isa = PBXFileReference; lastKnownFileType = wrapper.framework; name = QuartzCore.framework; path = System/Library/Frameworks/QuartzCore.framework; sourceTree = SDKROOT; };
/* End PBXFileReference section */

/* Begin PBXFrameworksBuildPhase section */
		7A78E2001E5AC07900CC6E65 /* Frameworks */ = {
			isa = PBXFrameworksBuildPhase;
			buildActionMask = 2147483647;
			files = (
				7A78E2491E5AC26500CC6E65 /* QuartzCore.framework in Frameworks */,
				7A78E2471E5AC25B00CC6E65 /* Metal.framework in Frameworks */,
			);
			runOnlyForDeploymentPostprocessing = 0;
		};
		7A78E2191E5AC07900CC6E65 /* Frameworks */ = {
			isa = PBXFrameworksBuildPhase;
			buildActionMask = 2147483647;
			files = (
			);
			runOnlyForDeploymentPostprocessing = 0;
		};
		7A78E2241E5AC07900CC6E65 /* Frameworks */ = {
			isa = PBXFrameworksBuildPhase;
			buildActionMask = 2147483647;
			files = (
			);
			runOnlyForDeploymentPostprocessing = 0;
		};
/* End PBXFrameworksBuildPhase section */

/* Begin PBXGroup section */
		7A78E1FA1E5AC07900CC6E65 = {
			isa = PBXGroup;
			children = (
				7A78E2051E5AC07900CC6E65 /* MetaLearn */,
				7A78E21F1E5AC07900CC6E65 /* MetaLearnTests */,
				7A78E22A1E5AC07900CC6E65 /* MetaLearnUITests */,
				7A78E2041E5AC07900CC6E65 /* Products */,
				7A78E2451E5AC25A00CC6E65 /* Frameworks */,
			);
			sourceTree = "<group>";
		};
		7A78E2041E5AC07900CC6E65 /* Products */ = {
			isa = PBXGroup;
			children = (
				7A78E2031E5AC07900CC6E65 /* MetaLearn.app */,
				7A78E21C1E5AC07900CC6E65 /* MetaLearnTests.xctest */,
				7A78E2271E5AC07900CC6E65 /* MetaLearnUITests.xctest */,
			);
			name = Products;
			sourceTree = "<group>";
		};
		7A78E2051E5AC07900CC6E65 /* MetaLearn */ = {
			isa = PBXGroup;
			children = (
				7A78E23A1E5AC09400CC6E65 /* Common */,
				7A78E2391E5AC08300CC6E65 /* Render */,
				7A78E2061E5AC07900CC6E65 /* Supporting Files */,
			);
			path = MetaLearn;
			sourceTree = "<group>";
		};
		7A78E2061E5AC07900CC6E65 /* Supporting Files */ = {
			isa = PBXGroup;
			children = (
				7A78E20F1E5AC07900CC6E65 /* Main.storyboard */,
				7A78E2121E5AC07900CC6E65 /* Assets.xcassets */,
				7A78E2141E5AC07900CC6E65 /* LaunchScreen.storyboard */,
				7A78E2171E5AC07900CC6E65 /* Info.plist */,
				7A78E2071E5AC07900CC6E65 /* main.m */,
			);
			name = "Supporting Files";
			sourceTree = "<group>";
		};
		7A78E21F1E5AC07900CC6E65 /* MetaLearnTests */ = {
			isa = PBXGroup;
			children = (
				7A78E2201E5AC07900CC6E65 /* MetaLearnTests.m */,
				7A78E2221E5AC07900CC6E65 /* Info.plist */,
			);
			path = MetaLearnTests;
			sourceTree = "<group>";
		};
		7A78E22A1E5AC07900CC6E65 /* MetaLearnUITests */ = {
			isa = PBXGroup;
			children = (
				7A78E22B1E5AC07900CC6E65 /* MetaLearnUITests.m */,
				7A78E22D1E5AC07900CC6E65 /* Info.plist */,
			);
			path = MetaLearnUITests;
			sourceTree = "<group>";
		};
		7A78E2391E5AC08300CC6E65 /* Render */ = {
			isa = PBXGroup;
			children = (
				7A78E23F1E5AC0F400CC6E65 /* AAPLType.h */,
				7A78E23C1E5AC0DD00CC6E65 /* Render.h */,
				7A78E23D1E5AC0DD00CC6E65 /* Render.mm */,
				7A508FD21E5FFF6200603672 /* Sharder.metal */,
			);
			name = Render;
			sourceTree = "<group>";
		};
		7A78E23A1E5AC09400CC6E65 /* Common */ = {
			isa = PBXGroup;
			children = (
				7A78E23B1E5AC0A100CC6E65 /* App */,
			);
			name = Common;
			sourceTree = "<group>";
		};
		7A78E23B1E5AC0A100CC6E65 /* App */ = {
			isa = PBXGroup;
			children = (
				7A78E2091E5AC07900CC6E65 /* AppDelegate.h */,
				7A78E20A1E5AC07900CC6E65 /* AppDelegate.m */,
				7A78E20C1E5AC07900CC6E65 /* ViewController.h */,
				7A78E20D1E5AC07900CC6E65 /* ViewController.mm */,
				7A78E2401E5AC12F00CC6E65 /* CustomView.h */,
				7A78E2411E5AC12F00CC6E65 /* CustomView.mm */,
			);
			name = App;
			sourceTree = "<group>";
		};
		7A78E2451E5AC25A00CC6E65 /* Frameworks */ = {
			isa = PBXGroup;
			children = (
				7A78E2481E5AC26500CC6E65 /* QuartzCore.framework */,
				7A78E2461E5AC25B00CC6E65 /* Metal.framework */,
			);
			name = Frameworks;
			sourceTree = "<group>";
		};
/* End PBXGroup section */

/* Begin PBXNativeTarget section */
		7A78E2021E5AC07900CC6E65 /* MetaLearn */ = {
			isa = PBXNativeTarget;
			buildConfigurationList = 7A78E2301E5AC07900CC6E65 /* Build configuration list for PBXNativeTarget "MetaLearn" */;
			buildPhases = (
				7A78E1FF1E5AC07900CC6E65 /* Sources */,
				7A78E2001E5AC07900CC6E65 /* Frameworks */,
				7A78E2011E5AC07900CC6E65 /* Resources */,
			);
			buildRules = (
			);
			dependencies = (
			);
			name = MetaLearn;
			productName = MetaLearn;
			productReference = 7A78E2031E5AC07900CC6E65 /* MetaLearn.app */;
			productType = "com.apple.product-type.application";
		};
		7A78E21B1E5AC07900CC6E65 /* MetaLearnTests */ = {
			isa = PBXNativeTarget;
			buildConfigurationList = 7A78E2331E5AC07900CC6E65 /* Build configuration list for PBXNativeTarget "MetaLearnTests" */;
			buildPhases = (
				7A78E2181E5AC07900CC6E65 /* Sources */,
				7A78E2191E5AC07900CC6E65 /* Frameworks */,
				7A78E21A1E5AC07900CC6E65 /* Resources */,
			);
			buildRules = (
			);
			dependencies = (
				7A78E21E1E5AC07900CC6E65 /* PBXTargetDependency */,
			);
			name = MetaLearnTests;
			productName = MetaLearnTests;
			productReference = 7A78E21C1E5AC07900CC6E65 /* MetaLearnTests.xctest */;
			productType = "com.apple.product-type.bundle.unit-test";
		};
		7A78E2261E5AC07900CC6E65 /* MetaLearnUITests */ = {
			isa = PBXNativeTarget;
			buildConfigurationList = 7A78E2361E5AC07900CC6E65 /* Build configuration list for PBXNativeTarget "MetaLearnUITests" */;
			buildPhases = (
				7A78E2231E5AC07900CC6E65 /* Sources */,
				7A78E2241E5AC07900CC6E65 /* Frameworks */,
				7A78E2251E5AC07900CC6E65 /* Resources */,
			);
			buildRules = (
			);
			dependencies = (
				7A78E2291E5AC07900CC6E65 /* PBXTargetDependency */,
			);
			name = MetaLearnUITests;
			productName = MetaLearnUITests;
			productReference = 7A78E2271E5AC07900CC6E65 /* MetaLearnUITests.xctest */;
			productType = "com.apple.product-type.bundle.ui-testing";
		};
/* End PBXNativeTarget section */

/* Begin PBXProject section */
		7A78E1FB1E5AC07900CC6E65 /* Project object */ = {
			isa = PBXProject;
			attributes = {
				LastUpgradeCheck = 0820;
				ORGANIZATIONNAME = "mac zdszkj";
				TargetAttributes = {
					7A78E2021E5AC07900CC6E65 = {
						CreatedOnToolsVersion = 8.2.1;
						DevelopmentTeam = D3T9A9MJ6F;
						ProvisioningStyle = Automatic;
					};
					7A78E21B1E5AC07900CC6E65 = {
						CreatedOnToolsVersion = 8.2.1;
						DevelopmentTeam = D3T9A9MJ6F;
						ProvisioningStyle = Automatic;
						TestTargetID = 7A78E2021E5AC07900CC6E65;
					};
					7A78E2261E5AC07900CC6E65 = {
						CreatedOnToolsVersion = 8.2.1;
						DevelopmentTeam = D3T9A9MJ6F;
						ProvisioningStyle = Automatic;
						TestTargetID = 7A78E2021E5AC07900CC6E65;
					};
				};
			};
			buildConfigurationList = 7A78E1FE1E5AC07900CC6E65 /* Build configuration list for PBXProject "MetaLearn" */;
			compatibilityVersion = "Xcode 3.2";
			developmentRegion = English;
			hasScannedForEncodings = 0;
			knownRegions = (
				en,
				Base,
			);
			mainGroup = 7A78E1FA1E5AC07900CC6E65;
			productRefGroup = 7A78E2041E5AC07900CC6E65 /* Products */;
			projectDirPath = "";
			projectRoot = "";
			targets = (
				7A78E2021E5AC07900CC6E65 /* MetaLearn */,
				7A78E21B1E5AC07900CC6E65 /* MetaLearnTests */,
				7A78E2261E5AC07900CC6E65 /* MetaLearnUITests */,
			);
		};
/* End PBXProject section */

/* Begin PBXResourcesBuildPhase section */
		7A78E2011E5AC07900CC6E65 /* Resources */ = {
			isa = PBXResourcesBuildPhase;
			buildActionMask = 2147483647;
			files = (
				7A78E2161E5AC07900CC6E65 /* LaunchScreen.storyboard in Resources */,
				7A78E2131E5AC07900CC6E65 /* Assets.xcassets in Resources */,
				7A78E2111E5AC07900CC6E65 /* Main.storyboard in Resources */,
			);
			runOnlyForDeploymentPostprocessing = 0;
		};
		7A78E21A1E5AC07900CC6E65 /* Resources */ = {
			isa = PBXResourcesBuildPhase;
			buildActionMask = 2147483647;
			files = (
			);
			runOnlyForDeploymentPostprocessing = 0;
		};
		7A78E2251E5AC07900CC6E65 /* Resources */ = {
			isa = PBXResourcesBuildPhase;
			buildActionMask = 2147483647;
			files = (
			);
			runOnlyForDeploymentPostprocessing = 0;
		};
/* End PBXResourcesBuildPhase section */

/* Begin PBXSourcesBuildPhase section */
		7A78E1FF1E5AC07900CC6E65 /* Sources */ = {
			isa = PBXSourcesBuildPhase;
			buildActionMask = 2147483647;
			files = (
				7A508FD31E5FFF6200603672 /* Sharder.metal in Sources */,
				7A78E2421E5AC12F00CC6E65 /* CustomView.mm in Sources */,
				7A78E20E1E5AC07900CC6E65 /* ViewController.mm in Sources */,
				7A78E20B1E5AC07900CC6E65 /* AppDelegate.m in Sources */,
				7A78E2081E5AC07900CC6E65 /* main.m in Sources */,
				7A78E23E1E5AC0DD00CC6E65 /* Render.mm in Sources */,
			);
			runOnlyForDeploymentPostprocessing = 0;
		};
		7A78E2181E5AC07900CC6E65 /* Sources */ = {
			isa = PBXSourcesBuildPhase;
			buildActionMask = 2147483647;
			files = (
				7A78E2211E5AC07900CC6E65 /* MetaLearnTests.m in Sources */,
			);
			runOnlyForDeploymentPostprocessing = 0;
		};
		7A78E2231E5AC07900CC6E65 /* Sources */ = {
			isa = PBXSourcesBuildPhase;
			buildActionMask = 2147483647;
			files = (
				7A78E22C1E5AC07900CC6E65 /* MetaLearnUITests.m in Sources */,
			);
			runOnlyForDeploymentPostprocessing = 0;
		};
/* End PBXSourcesBuildPhase section */

/* Begin PBXTargetDependency section */
		7A78E21E1E5AC07900CC6E65 /* PBXTargetDependency */ = {
			isa = PBXTargetDependency;
			target = 7A78E2021E5AC07900CC6E65 /* MetaLearn */;
			targetProxy = 7A78E21D1E5AC07900CC6E65 /* PBXContainerItemProxy */;
		};
		7A78E2291E5AC07900CC6E65 /* PBXTargetDependency */ = {
			isa = PBXTargetDependency;
			target = 7A78E2021E5AC07900CC6E65 /* MetaLearn */;
			targetProxy = 7A78E2281E5AC07900CC6E65 /* PBXContainerItemProxy */;
		};
/* End PBXTargetDependency section */

/* Begin PBXVariantGroup section */
		7A78E20F1E5AC07900CC6E65 /* Main.storyboard */ = {
			isa = PBXVariantGroup;
			children = (
				7A78E2101E5AC07900CC6E65 /* Base */,
			);
			name = Main.storyboard;
			sourceTree = "<group>";
		};
		7A78E2141E5AC07900CC6E65 /* LaunchScreen.storyboard */ = {
			isa = PBXVariantGroup;
			children = (
				7A78E2151E5AC07900CC6E65 /* Base */,
			);
			name = LaunchScreen.storyboard;
			sourceTree = "<group>";
		};
/* End PBXVariantGroup section */

/* Begin XCBuildConfiguration section */
		7A78E22E1E5AC07900CC6E65 /* Debug */ = {
			isa = XCBuildConfiguration;
			buildSettings = {
				ALWAYS_SEARCH_USER_PATHS = NO;
				CLANG_ANALYZER_NONNULL = YES;
				CLANG_CXX_LANGUAGE_STANDARD = "gnu++0x";
				CLANG_CXX_LIBRARY = "libc++";
				CLANG_ENABLE_MODULES = YES;
				CLANG_ENABLE_OBJC_ARC = YES;
				CLANG_WARN_BOOL_CONVERSION = YES;
				CLANG_WARN_CONSTANT_CONVERSION = YES;
				CLANG_WARN_DIRECT_OBJC_ISA_USAGE = YES_ERROR;
				CLANG_WARN_DOCUMENTATION_COMMENTS = YES;
				CLANG_WARN_EMPTY_BODY = YES;
				CLANG_WARN_ENUM_CONVERSION = YES;
				CLANG_WARN_INFINITE_RECURSION = YES;
				CLANG_WARN_INT_CONVERSION = YES;
				CLANG_WARN_OBJC_ROOT_CLASS = YES_ERROR;
				CLANG_WARN_SUSPICIOUS_MOVE = YES;
				CLANG_WARN_UNREACHABLE_CODE = YES;
				CLANG_WARN__DUPLICATE_METHOD_MATCH = YES;
				"CODE_SIGN_IDENTITY[sdk=iphoneos*]" = "iPhone Developer";
				COPY_PHASE_STRIP = NO;
				DEBUG_INFORMATION_FORMAT = dwarf;
				ENABLE_STRICT_OBJC_MSGSEND = YES;
				ENABLE_TESTABILITY = YES;
				GCC_C_LANGUAGE_STANDARD = gnu99;
				GCC_DYNAMIC_NO_PIC = NO;
				GCC_NO_COMMON_BLOCKS = YES;
				GCC_OPTIMIZATION_LEVEL = 0;
				GCC_PREPROCESSOR_DEFINITIONS = (
					"DEBUG=1",
					"$(inherited)",
				);
				GCC_WARN_64_TO_32_BIT_CONVERSION = YES;
				GCC_WARN_ABOUT_RETURN_TYPE = YES_ERROR;
				GCC_WARN_UNDECLARED_SELECTOR = YES;
				GCC_WARN_UNINITIALIZED_AUTOS = YES_AGGRESSIVE;
				GCC_WARN_UNUSED_FUNCTION = YES;
				GCC_WARN_UNUSED_VARIABLE = YES;
				IPHONEOS_DEPLOYMENT_TARGET = 10.2;
				MTL_ENABLE_DEBUG_INFO = YES;
				ONLY_ACTIVE_ARCH = YES;
				SDKROOT = iphoneos;
				TARGETED_DEVICE_FAMILY = "1,2";
			};
			name = Debug;
		};
		7A78E22F1E5AC07900CC6E65 /* Release */ = {
			isa = XCBuildConfiguration;
			buildSettings = {
				ALWAYS_SEARCH_USER_PATHS = NO;
				CLANG_ANALYZER_NONNULL = YES;
				CLANG_CXX_LANGUAGE_STANDARD = "gnu++0x";
				CLANG_CXX_LIBRARY = "libc++";
				CLANG_ENABLE_MODULES = YES;
				CLANG_ENABLE_OBJC_ARC = YES;
				CLANG_WARN_BOOL_CONVERSION = YES;
				CLANG_WARN_CONSTANT_CONVERSION = YES;
				CLANG_WARN_DIRECT_OBJC_ISA_USAGE = YES_ERROR;
				CLANG_WARN_DOCUMENTATION_COMMENTS = YES;
				CLANG_WARN_EMPTY_BODY = YES;
				CLANG_WARN_ENUM_CONVERSION = YES;
				CLANG_WARN_INFINITE_RECURSION = YES;
				CLANG_WARN_INT_CONVERSION = YES;
				CLANG_WARN_OBJC_ROOT_CLASS = YES_ERROR;
				CLANG_WARN_SUSPICIOUS_MOVE = YES;
				CLANG_WARN_UNREACHABLE_CODE = YES;
				CLANG_WARN__DUPLICATE_METHOD_MATCH = YES;
				"CODE_SIGN_IDENTITY[sdk=iphoneos*]" = "iPhone Developer";
				COPY_PHASE_STRIP = NO;
				DEBUG_INFORMATION_FORMAT = "dwarf-with-dsym";
				ENABLE_NS_ASSERTIONS = NO;
				ENABLE_STRICT_OBJC_MSGSEND = YES;
				GCC_C_LANGUAGE_STANDARD = gnu99;
				GCC_NO_COMMON_BLOCKS = YES;
				GCC_WARN_64_TO_32_BIT_CONVERSION = YES;
				GCC_WARN_ABOUT_RETURN_TYPE = YES_ERROR;
				GCC_WARN_UNDECLARED_SELECTOR = YES;
				GCC_WARN_UNINITIALIZED_AUTOS = YES_AGGRESSIVE;
				GCC_WARN_UNUSED_FUNCTION = YES;
				GCC_WARN_UNUSED_VARIABLE = YES;
				IPHONEOS_DEPLOYMENT_TARGET = 10.2;
				MTL_ENABLE_DEBUG_INFO = NO;
				SDKROOT = iphoneos;
				TARGETED_DEVICE_FAMILY = "1,2";
				VALIDATE_PRODUCT = YES;
			};
			name = Release;
		};
		7A78E2311E5AC07900CC6E65 /* Debug */ = {
			isa = XCBuildConfiguration;
			buildSettings = {
				ASSETCATALOG_COMPILER_APPICON_NAME = AppIcon;
				DEVELOPMENT_TEAM = D3T9A9MJ6F;
				GCC_INPUT_FILETYPE = automatic;
				INFOPLIST_FILE = MetaLearn/Info.plist;
				LD_RUNPATH_SEARCH_PATHS = "$(inherited) @executable_path/Frameworks";
				PRODUCT_BUNDLE_IDENTIFIER = com.ctrlcv.lib.MetaLearn;
				PRODUCT_NAME = "$(TARGET_NAME)";
			};
			name = Debug;
		};
		7A78E2321E5AC07900CC6E65 /* Release */ = {
			isa = XCBuildConfiguration;
			buildSettings = {
				ASSETCATALOG_COMPILER_APPICON_NAME = AppIcon;
				DEVELOPMENT_TEAM = D3T9A9MJ6F;
				GCC_INPUT_FILETYPE = automatic;
				INFOPLIST_FILE = MetaLearn/Info.plist;
				LD_RUNPATH_SEARCH_PATHS = "$(inherited) @executable_path/Frameworks";
				PRODUCT_BUNDLE_IDENTIFIER = com.ctrlcv.lib.MetaLearn;
				PRODUCT_NAME = "$(TARGET_NAME)";
			};
			name = Release;
		};
		7A78E2341E5AC07900CC6E65 /* Debug */ = {
			isa = XCBuildConfiguration;
			buildSettings = {
				BUNDLE_LOADER = "$(TEST_HOST)";
				DEVELOPMENT_TEAM = D3T9A9MJ6F;
				INFOPLIST_FILE = MetaLearnTests/Info.plist;
				LD_RUNPATH_SEARCH_PATHS = "$(inherited) @executable_path/Frameworks @loader_path/Frameworks";
				PRODUCT_BUNDLE_IDENTIFIER = com.ctrlcv.lib.MetaLearnTests;
				PRODUCT_NAME = "$(TARGET_NAME)";
				TEST_HOST = "$(BUILT_PRODUCTS_DIR)/MetaLearn.app/MetaLearn";
			};
			name = Debug;
		};
		7A78E2351E5AC07900CC6E65 /* Release */ = {
			isa = XCBuildConfiguration;
			buildSettings = {
				BUNDLE_LOADER = "$(TEST_HOST)";
				DEVELOPMENT_TEAM = D3T9A9MJ6F;
				INFOPLIST_FILE = MetaLearnTests/Info.plist;
				LD_RUNPATH_SEARCH_PATHS = "$(inherited) @executable_path/Frameworks @loader_path/Frameworks";
				PRODUCT_BUNDLE_IDENTIFIER = com.ctrlcv.lib.MetaLearnTests;
				PRODUCT_NAME = "$(TARGET_NAME)";
				TEST_HOST = "$(BUILT_PRODUCTS_DIR)/MetaLearn.app/MetaLearn";
			};
			name = Release;
		};
		7A78E2371E5AC07900CC6E65 /* Debug */ = {
			isa = XCBuildConfiguration;
			buildSettings = {
				DEVELOPMENT_TEAM = D3T9A9MJ6F;
				INFOPLIST_FILE = MetaLearnUITests/Info.plist;
				LD_RUNPATH_SEARCH_PATHS = "$(inherited) @executable_path/Frameworks @loader_path/Frameworks";
				PRODUCT_BUNDLE_IDENTIFIER = com.ctrlcv.lib.MetaLearnUITests;
				PRODUCT_NAME = "$(TARGET_NAME)";
				TEST_TARGET_NAME = MetaLearn;
			};
			name = Debug;
		};
		7A78E2381E5AC07900CC6E65 /* Release */ = {
			isa = XCBuildConfiguration;
			buildSettings = {
				DEVELOPMENT_TEAM = D3T9A9MJ6F;
				INFOPLIST_FILE = MetaLearnUITests/Info.plist;
				LD_RUNPATH_SEARCH_PATHS = "$(inherited) @executable_path/Frameworks @loader_path/Frameworks";
				PRODUCT_BUNDLE_IDENTIFIER = com.ctrlcv.lib.MetaLearnUITests;
				PRODUCT_NAME = "$(TARGET_NAME)";
				TEST_TARGET_NAME = MetaLearn;
			};
			name = Release;
		};
/* End XCBuildConfiguration section */

/* Begin XCConfigurationList section */
		7A78E1FE1E5AC07900CC6E65 /* Build configuration list for PBXProject "MetaLearn" */ = {
			isa = XCConfigurationList;
			buildConfigurations = (
				7A78E22E1E5AC07900CC6E65 /* Debug */,
				7A78E22F1E5AC07900CC6E65 /* Release */,
			);
			defaultConfigurationIsVisible = 0;
			defaultConfigurationName = Release;
		};
		7A78E2301E5AC07900CC6E65 /* Build configuration list for PBXNativeTarget "MetaLearn" */ = {
			isa = XCConfigurationList;
			buildConfigurations = (
				7A78E2311E5AC07900CC6E65 /* Debug */,
				7A78E2321E5AC07900CC6E65 /* Release */,
			);
			defaultConfigurationIsVisible = 0;
			defaultConfigurationName = Release;
		};
		7A78E2331E5AC07900CC6E65 /* Build configuration list for PBXNativeTarget "MetaLearnTests" */ = {
			isa = XCConfigurationList;
			buildConfigurations = (
				7A78E2341E5AC07900CC6E65 /* Debug */,
				7A78E2351E5AC07900CC6E65 /* Release */,
			);
			defaultConfigurationIsVisible = 0;
			defaultConfigurationName = Release;
		};
		7A78E2361E5AC07900CC6E65 /* Build configuration list for PBXNativeTarget "MetaLearnUITests" */ = {
			isa = XCConfigurationList;
			buildConfigurations = (
				7A78E2371E5AC07900CC6E65 /* Debug */,
				7A78E2381E5AC07900CC6E65 /* Release */,
			);
			defaultConfigurationIsVisible = 0;
			defaultConfigurationName = Release;
		};
/* End XCConfigurationList section */
	};
	rootObject = 7A78E1FB1E5AC07900CC6E65 /* Project object */;
}
