// !$*UTF8*$!
{
	archiveVersion = 1;
	classes = {
	};
	objectVersion = 46;
	objects = {

/* Begin PBXContainerItemProxy section */
		7A78F1151E83C226005C0310 /* PBXContainerItemProxy */ = {
			isa = PBXContainerItemProxy;
			containerPortal = 7A78F10F1E83C226005C0310 /* SizeClassAndAutoLayout.xcodeproj */;
			proxyType = 2;
			remoteGlobalIDString = 7A8D95351CD84B4E00F22C4B;
			remoteInfo = SizeClassAndAutoLayout;
		};
		7A78F1171E83C226005C0310 /* PBXContainerItemProxy */ = {
			isa = PBXContainerItemProxy;
			containerPortal = 7A78F10F1E83C226005C0310 /* SizeClassAndAutoLayout.xcodeproj */;
			proxyType = 2;
			remoteGlobalIDString = 7A8D954E1CD84B4E00F22C4B;
			remoteInfo = SizeClassAndAutoLayoutTests;
		};
		7A78F1191E83C226005C0310 /* PBXContainerItemProxy */ = {
			isa = PBXContainerItemProxy;
			containerPortal = 7A78F10F1E83C226005C0310 /* SizeClassAndAutoLayout.xcodeproj */;
			proxyType = 2;
			remoteGlobalIDString = 7A8D95591CD84B4E00F22C4B;
			remoteInfo = SizeClassAndAutoLayoutUITests;
		};
/* End PBXContainerItemProxy section */

/* Begin PBXFileReference section */
		7A5A57B21C891FA20003ED50 /* ToolsBundle.bundle */ = {isa = PBXFileReference; explicitFileType = wrapper.cfbundle; includeInIndex = 0; path = ToolsBundle.bundle; sourceTree = BUILT_PRODUCTS_DIR; };
		7A5A57B51C891FA20003ED50 /* Info.plist */ = {isa = PBXFileReference; lastKnownFileType = text.plist.xml; path = Info.plist; sourceTree = "<group>"; };
		7A78F10F1E83C226005C0310 /* SizeClassAndAutoLayout.xcodeproj */ = {isa = PBXFileReference; lastKnownFileType = "wrapper.pb-project"; name = SizeClassAndAutoLayout.xcodeproj; path = ../SizeClassAndAutoLayout/SizeClassAndAutoLayout.xcodeproj; sourceTree = "<group>"; };
/* End PBXFileReference section */

/* Begin PBXFrameworksBuildPhase section */
		7A5A57AF1C891FA20003ED50 /* Frameworks */ = {
			isa = PBXFrameworksBuildPhase;
			buildActionMask = 2147483647;
			files = (
			);
			runOnlyForDeploymentPostprocessing = 0;
		};
/* End PBXFrameworksBuildPhase section */

/* Begin PBXGroup section */
		7A5A57A91C891FA20003ED50 = {
			isa = PBXGroup;
			children = (
				7A78F10F1E83C226005C0310 /* SizeClassAndAutoLayout.xcodeproj */,
				7A5A57B31C891FA20003ED50 /* Products */,
				7A5A57B41C891FA20003ED50 /* ToolsBundle */,
			);
			sourceTree = "<group>";
		};
		7A5A57B31C891FA20003ED50 /* Products */ = {
			isa = PBXGroup;
			children = (
				7A5A57B21C891FA20003ED50 /* ToolsBundle.bundle */,
			);
			name = Products;
			sourceTree = "<group>";
		};
		7A5A57B41C891FA20003ED50 /* ToolsBundle */ = {
			isa = PBXGroup;
			children = (
				7A5A57B51C891FA20003ED50 /* Info.plist */,
			);
			path = ToolsBundle;
			sourceTree = "<group>";
		};
		7A78F1101E83C226005C0310 /* Products */ = {
			isa = PBXGroup;
			children = (
				7A78F1161E83C226005C0310 /* SizeClassAndAutoLayout.app */,
				7A78F1181E83C226005C0310 /* SizeClassAndAutoLayoutTests.xctest */,
				7A78F11A1E83C226005C0310 /* SizeClassAndAutoLayoutUITests.xctest */,
			);
			name = Products;
			sourceTree = "<group>";
		};
/* End PBXGroup section */

/* Begin PBXNativeTarget section */
		7A5A57B11C891FA20003ED50 /* ToolsBundle */ = {
			isa = PBXNativeTarget;
			buildConfigurationList = 7A5A57B81C891FA20003ED50 /* Build configuration list for PBXNativeTarget "ToolsBundle" */;
			buildPhases = (
				7A5A57AE1C891FA20003ED50 /* Sources */,
				7A5A57AF1C891FA20003ED50 /* Frameworks */,
				7A5A57B01C891FA20003ED50 /* Resources */,
			);
			buildRules = (
			);
			dependencies = (
			);
			name = ToolsBundle;
			productName = ToolsBundle;
			productReference = 7A5A57B21C891FA20003ED50 /* ToolsBundle.bundle */;
			productType = "com.apple.product-type.bundle";
		};
/* End PBXNativeTarget section */

/* Begin PBXProject section */
		7A5A57AA1C891FA20003ED50 /* Project object */ = {
			isa = PBXProject;
			attributes = {
				LastUpgradeCheck = 0720;
				ORGANIZATIONNAME = "mac zdszkj";
				TargetAttributes = {
					7A5A57B11C891FA20003ED50 = {
						CreatedOnToolsVersion = 7.2;
					};
				};
			};
			buildConfigurationList = 7A5A57AD1C891FA20003ED50 /* Build configuration list for PBXProject "ToolsBundle" */;
			compatibilityVersion = "Xcode 3.2";
			developmentRegion = English;
			hasScannedForEncodings = 0;
			knownRegions = (
				en,
			);
			mainGroup = 7A5A57A91C891FA20003ED50;
			productRefGroup = 7A5A57B31C891FA20003ED50 /* Products */;
			projectDirPath = "";
			projectReferences = (
				{
					ProductGroup = 7A78F1101E83C226005C0310 /* Products */;
					ProjectRef = 7A78F10F1E83C226005C0310 /* SizeClassAndAutoLayout.xcodeproj */;
				},
			);
			projectRoot = "";
			targets = (
				7A5A57B11C891FA20003ED50 /* ToolsBundle */,
			);
		};
/* End PBXProject section */

/* Begin PBXReferenceProxy section */
		7A78F1161E83C226005C0310 /* SizeClassAndAutoLayout.app */ = {
			isa = PBXReferenceProxy;
			fileType = wrapper.application;
			path = SizeClassAndAutoLayout.app;
			remoteRef = 7A78F1151E83C226005C0310 /* PBXContainerItemProxy */;
			sourceTree = BUILT_PRODUCTS_DIR;
		};
		7A78F1181E83C226005C0310 /* SizeClassAndAutoLayoutTests.xctest */ = {
			isa = PBXReferenceProxy;
			fileType = wrapper.cfbundle;
			path = SizeClassAndAutoLayoutTests.xctest;
			remoteRef = 7A78F1171E83C226005C0310 /* PBXContainerItemProxy */;
			sourceTree = BUILT_PRODUCTS_DIR;
		};
		7A78F11A1E83C226005C0310 /* SizeClassAndAutoLayoutUITests.xctest */ = {
			isa = PBXReferenceProxy;
			fileType = wrapper.cfbundle;
			path = SizeClassAndAutoLayoutUITests.xctest;
			remoteRef = 7A78F1191E83C226005C0310 /* PBXContainerItemProxy */;
			sourceTree = BUILT_PRODUCTS_DIR;
		};
/* End PBXReferenceProxy section */

/* Begin PBXResourcesBuildPhase section */
		7A5A57B01C891FA20003ED50 /* Resources */ = {
			isa = PBXResourcesBuildPhase;
			buildActionMask = 2147483647;
			files = (
			);
			runOnlyForDeploymentPostprocessing = 0;
		};
/* End PBXResourcesBuildPhase section */

/* Begin PBXSourcesBuildPhase section */
		7A5A57AE1C891FA20003ED50 /* Sources */ = {
			isa = PBXSourcesBuildPhase;
			buildActionMask = 2147483647;
			files = (
			);
			runOnlyForDeploymentPostprocessing = 0;
		};
/* End PBXSourcesBuildPhase section */

/* Begin XCBuildConfiguration section */
		7A5A57B61C891FA20003ED50 /* Debug */ = {
			isa = XCBuildConfiguration;
			buildSettings = {
				ALWAYS_SEARCH_USER_PATHS = NO;
				CLANG_CXX_LANGUAGE_STANDARD = "gnu++0x";
				CLANG_CXX_LIBRARY = "libc++";
				CLANG_ENABLE_MODULES = YES;
				CLANG_ENABLE_OBJC_ARC = YES;
				CLANG_WARN_BOOL_CONVERSION = YES;
				CLANG_WARN_CONSTANT_CONVERSION = YES;
				CLANG_WARN_DIRECT_OBJC_ISA_USAGE = YES_ERROR;
				CLANG_WARN_EMPTY_BODY = YES;
				CLANG_WARN_ENUM_CONVERSION = YES;
				CLANG_WARN_INT_CONVERSION = YES;
				CLANG_WARN_OBJC_ROOT_CLASS = YES_ERROR;
				CLANG_WARN_UNREACHABLE_CODE = YES;
				CLANG_WARN__DUPLICATE_METHOD_MATCH = YES;
				CODE_SIGN_IDENTITY = "-";
				COPY_PHASE_STRIP = NO;
				DEBUG_INFORMATION_FORMAT = dwarf;
				ENABLE_STRICT_OBJC_MSGSEND = YES;
				ENABLE_TESTABILITY = YES;
				GCC_C_LANGUAGE_STANDARD = gnu99;
				GCC_DYNAMIC_NO_PIC = NO;
				GCC_NO_COMMON_BLOCKS = YES;
				GCC_OPTIMIZATION_LEVEL = 0;
				GCC_PREPROCESSOR_DEFINITIONS = (
					"DEBUG=1",
					"$(inherited)",
				);
				GCC_WARN_64_TO_32_BIT_CONVERSION = YES;
				GCC_WARN_ABOUT_RETURN_TYPE = YES_ERROR;
				GCC_WARN_UNDECLARED_SELECTOR = YES;
				GCC_WARN_UNINITIALIZED_AUTOS = YES_AGGRESSIVE;
				GCC_WARN_UNUSED_FUNCTION = YES;
				GCC_WARN_UNUSED_VARIABLE = YES;
				MACOSX_DEPLOYMENT_TARGET = 10.11;
				MTL_ENABLE_DEBUG_INFO = YES;
				ONLY_ACTIVE_ARCH = YES;
				SDKROOT = macosx;
			};
			name = Debug;
		};
		7A5A57B71C891FA20003ED50 /* Release */ = {
			isa = XCBuildConfiguration;
			buildSettings = {
				ALWAYS_SEARCH_USER_PATHS = NO;
				CLANG_CXX_LANGUAGE_STANDARD = "gnu++0x";
				CLANG_CXX_LIBRARY = "libc++";
				CLANG_ENABLE_MODULES = YES;
				CLANG_ENABLE_OBJC_ARC = YES;
				CLANG_WARN_BOOL_CONVERSION = YES;
				CLANG_WARN_CONSTANT_CONVERSION = YES;
				CLANG_WARN_DIRECT_OBJC_ISA_USAGE = YES_ERROR;
				CLANG_WARN_EMPTY_BODY = YES;
				CLANG_WARN_ENUM_CONVERSION = YES;
				CLANG_WARN_INT_CONVERSION = YES;
				CLANG_WARN_OBJC_ROOT_CLASS = YES_ERROR;
				CLANG_WARN_UNREACHABLE_CODE = YES;
				CLANG_WARN__DUPLICATE_METHOD_MATCH = YES;
				CODE_SIGN_IDENTITY = "-";
				COPY_PHASE_STRIP = NO;
				DEBUG_INFORMATION_FORMAT = "dwarf-with-dsym";
				ENABLE_NS_ASSERTIONS = NO;
				ENABLE_STRICT_OBJC_MSGSEND = YES;
				GCC_C_LANGUAGE_STANDARD = gnu99;
				GCC_NO_COMMON_BLOCKS = YES;
				GCC_WARN_64_TO_32_BIT_CONVERSION = YES;
				GCC_WARN_ABOUT_RETURN_TYPE = YES_ERROR;
				GCC_WARN_UNDECLARED_SELECTOR = YES;
				GCC_WARN_UNINITIALIZED_AUTOS = YES_AGGRESSIVE;
				GCC_WARN_UNUSED_FUNCTION = YES;
				GCC_WARN_UNUSED_VARIABLE = YES;
				MACOSX_DEPLOYMENT_TARGET = 10.11;
				MTL_ENABLE_DEBUG_INFO = NO;
				SDKROOT = macosx;
			};
			name = Release;
		};
		7A5A57B91C891FA20003ED50 /* Debug */ = {
			isa = XCBuildConfiguration;
			buildSettings = {
				COMBINE_HIDPI_IMAGES = YES;
				CONFIGURATION_BUILD_DIR = "$(PROJECT_DIR)/build";
				INFOPLIST_FILE = ToolsBundle/Info.plist;
				INSTALL_PATH = "$(LOCAL_LIBRARY_DIR)/Bundles";
				PRODUCT_BUNDLE_IDENTIFIER = com.ctrlcv.lib.ToolsBundle;
				PRODUCT_NAME = "$(TARGET_NAME)";
				SKIP_INSTALL = YES;
				WRAPPER_EXTENSION = bundle;
			};
			name = Debug;
		};
		7A5A57BA1C891FA20003ED50 /* Release */ = {
			isa = XCBuildConfiguration;
			buildSettings = {
				COMBINE_HIDPI_IMAGES = YES;
				CONFIGURATION_BUILD_DIR = "$(PROJECT_DIR)/build";
				INFOPLIST_FILE = ToolsBundle/Info.plist;
				INSTALL_PATH = "$(LOCAL_LIBRARY_DIR)/Bundles";
				PRODUCT_BUNDLE_IDENTIFIER = com.ctrlcv.lib.ToolsBundle;
				PRODUCT_NAME = "$(TARGET_NAME)";
				SKIP_INSTALL = YES;
				WRAPPER_EXTENSION = bundle;
			};
			name = Release;
		};
/* End XCBuildConfiguration section */

/* Begin XCConfigurationList section */
		7A5A57AD1C891FA20003ED50 /* Build configuration list for PBXProject "ToolsBundle" */ = {
			isa = XCConfigurationList;
			buildConfigurations = (
				7A5A57B61C891FA20003ED50 /* Debug */,
				7A5A57B71C891FA20003ED50 /* Release */,
			);
			defaultConfigurationIsVisible = 0;
			defaultConfigurationName = Release;
		};
		7A5A57B81C891FA20003ED50 /* Build configuration list for PBXNativeTarget "ToolsBundle" */ = {
			isa = XCConfigurationList;
			buildConfigurations = (
				7A5A57B91C891FA20003ED50 /* Debug */,
				7A5A57BA1C891FA20003ED50 /* Release */,
			);
			defaultConfigurationIsVisible = 0;
			defaultConfigurationName = Release;
		};
/* End XCConfigurationList section */
	};
	rootObject = 7A5A57AA1C891FA20003ED50 /* Project object */;
}
